
Microsoft Visual Studio Solution File, Format Version 12.00
# Visual Studio Version 16
VisualStudioVersion = 16.0.810.17
MinimumVisualStudioVersion = 10.0.40219.1
Project("{FAE04EC0-301F-11D3-BF4B-00C04F79EFBC}") = "TestTaskProject", "TestTaskProject\TestTaskProject.csproj", "{B7A5733E-F016-407B-8D29-2B3DFEF04F04}"
EndProject
Global
	GlobalSection(SolutionConfigurationPlatforms) = preSolution
		Debug|Any CPU = Debug|Any CPU
		Release|Any CPU = Release|Any CPU
	EndGlobalSection
	GlobalSection(ProjectConfigurationPlatforms) = postSolution
		{B7A5733E-F016-407B-8D29-2B3DFEF04F04}.Debug|Any CPU.ActiveCfg = Debug|Any CPU
		{B7A5733E-F016-407B-8D29-2B3DFEF04F04}.Debug|Any CPU.Build.0 = Debug|Any CPU
		{B7A5733E-F016-407B-8D29-2B3DFEF04F04}.Release|Any CPU.ActiveCfg = Release|Any CPU
		{B7A5733E-F016-407B-8D29-2B3DFEF04F04}.Release|Any CPU.Build.0 = Release|Any CPU
	EndGlobalSection
	GlobalSection(SolutionProperties) = preSolution
		HideSolutionNode = FALSE
	EndGlobalSection
	GlobalSection(ExtensibilityGlobals) = postSolution
		SolutionGuid = {99594BA1-EA64-4786-B5F4-914D29DE03E1}
	EndGlobalSection
EndGlobal
